{
  "requires": true,
  "lockfileVersion": 1,
  "dependencies": {
    "@chainsafe/milagro-crypto-js": {
      "version": "0.1.3",
      "resolved": "https://registry.npmjs.org/@chainsafe/milagro-crypto-js/-/milagro-crypto-js-0.1.3.tgz",
      "integrity": "sha512-K0UrL+73E4Fblk9j+ZZDPXRKvriZExbtSgdel+zSSPqyhUW0OBeep2TJCVYq6RYhLgdSbGbTwiU5Ixku7jcPIg=="
    },
    "@types/sjcl": {
      "version": "1.0.28",
      "resolved": "https://registry.npmjs.org/@types/sjcl/-/sjcl-1.0.28.tgz",
      "integrity": "sha1-RpPraUPjhehEpw+yW0aZ2yhschQ=",
      "dev": true
    },
    "sjcl": {
      "version": "1.0.8",
      "resolved": "https://registry.npmjs.org/sjcl/-/sjcl-1.0.8.tgz",
      "integrity": "sha512-LzIjEQ0S0DpIgnxMEayM1rq9aGwGRG4OnZhCdjx7glTaJtf4zRfpg87ImfjSJjoW9vKpagd82McDOwbRT5kQKQ=="
    }
  }
}
